# Fixture lockfile for adapter-version-governance tests. Pinned resolutions
# only; this fixture is never installed and no network is ever touched.
lockfileVersion: '9.0'

settings:
  autoInstallPeers: true
  excludeLinksFromLockfile: false

importers:

  .:
    dependencies:
      '@angular/core':
        specifier: ^20.0.0
        version: 20.1.0
      '@angular/router':
        specifier: ^20.0.0
        version: 20.1.0

packages:

  '@angular/core@20.1.0':
    resolution: {integrity: sha512-fixture-pinned-resolution-never-installed}

  '@angular/router@20.1.0':
    resolution: {integrity: sha512-fixture-pinned-resolution-never-installed}
