lockfileVersion: '9.0'
settings:
  autoInstallPeers: true
  excludeLinksFromLockfile: false
importers:
  .:
    dependencies:
      vue:
        specifier: ^3.5.43
        version: 3.5.43
      vue-router:
        specifier: ^4.5.0
        version: 4.5.0
packages:
  vue@3.5.43:
    resolution: { integrity: sha512-fixture-vue-3.5.43 }
  vue-router@4.5.0:
    resolution: { integrity: sha512-fixture-vue-router-4.5.0 }
